<?xml version="1.0" encoding="utf-8"?>
<Project ToolsVersion="4.0" xmlns="http://schemas.microsoft.com/developer/msbuild/2003">
  <ItemGroup>
    <ApplicationDefinition Include="App.xaml" />
  </ItemGroup>
  <ItemGroup>
    <ClCompile Include="pch.cpp" />
    <ClCompile Include="$(GeneratedFilesDir)module.g.cpp" />
    <ClCompile Include="Locale\Localizer.cpp" />
    <ClCompile Include="main.cpp" />
    <ClCompile Include="ApplicationData.cpp" />
    <ClCompile Include="ApplicationSettings.cpp" />
    <ClCompile Include="Services\ToastNotificationService.cpp" />
    <ClCompile Include="Services\MinecraftBedrockGameManager.cpp" />
    <ClCompile Include="ApplicationMutex.cpp" />
    <ClCompile Include="UI\Views\MinecraftBedrockGamePackageViewBase.cpp" />
    <ClCompile Include="Services\ServiceImplBase.cpp" />
    <ClCompile Include="Services\ServiceActionHandler.cpp" />
    <ClCompile Include="Services\ServiceActionRunner.cpp" />
    <ClCompile Include="Services\PackageInstallationService.cpp" />
    <ClCompile Include="Services\NetworkInfoService.cpp" />
    <ClCompile Include="Services\UpdateChecker.cpp" />
  </ItemGroup>
  <ItemGroup>
    <ClInclude Include="pch.h" />
    <ClInclude Include="Locale\Localizer.h" />
    <ClInclude Include="Helpers\NotifyPropertyChangedBase.h" />
    <ClInclude Include="ApplicationData.h" />
    <ClInclude Include="ApplicationSettings.h" />
    <ClInclude Include="Locale\LanguageTag.h" />
    <ClInclude Include="Services\ToastNotificationService.h" />
    <ClInclude Include="Services\MinecraftBedrockGameManager.h" />
    <ClInclude Include="Collections\BindableVector.h" />
    <ClInclude Include="Collections\FilterableCollectionView.h" />
    <ClInclude Include="Helpers\NotifyCollectionChangedBase.h" />
    <ClInclude Include="Collections\ObservableCollection.h" />
    <ClInclude Include="UI\Mvvm\RelayCommand.h" />
    <ClInclude Include="ApplicationMutex.h" />
    <ClInclude Include="UI\Views\MinecraftBedrockGamePackageViewBase.h" />
    <ClInclude Include="Collections\ItemFilter.h" />
    <ClInclude Include="Services\ServiceImplBase.h" />
    <ClInclude Include="Services\ServiceActionHandler.h" />
    <ClInclude Include="Services\ServiceActionRunner.h" />
    <ClInclude Include="Services\PackageInstallationService.h" />
    <ClInclude Include="Services\NetworkInfoService.h" />
    <ClInclude Include="Services\UpdateChecker.h" />
    <ClInclude Include="Citrine.h" />
  </ItemGroup>
  <ItemGroup>
    <Filter Include="Assets">
      <UniqueIdentifier>{061ca76f-dcd5-4aac-ac6d-73cd535dfde4}</UniqueIdentifier>
    </Filter>
  </ItemGroup>
  <ItemGroup>
    <Manifest Include="app.manifest" />
  </ItemGroup>
  <ItemGroup>
    <None Include="packages.config" />
  </ItemGroup>
  <ItemGroup>
    <PRIResource Include="Locale\en\Resources.resw" />
    <PRIResource Include="Locale\de\Resources.resw" />
  </ItemGroup>
  <ItemGroup>
    <Page Include="UI\Views\Windows\MainWindow.xaml" />
    <Page Include="UI\Views\Pages\SettingsPage.xaml" />
    <Page Include="UI\Views\Pages\MinecraftBedrockPage.xaml" />
    <Page Include="UI\Views\Pages\MinecraftJavaPage.xaml" />
    <Page Include="UI\Views\Pages\GeneralSettingsPage.xaml" />
    <Page Include="UI\Views\Pages\AboutPage.xaml" />
    <Page Include="UI\Views\ToastNotificationView.xaml" />
    <Page Include="UI\Views\Pages\MinecraftBedrockPreviewsPage.xaml" />
    <Page Include="UI\Views\Pages\MinecraftBedrockGamePackagesPage.xaml" />
    <Page Include="UI\Views\Pages\MinecraftBedrockImportsPage.xaml" />
    <Page Include="UI\Views\MinecraftBedrockGamePackageView.xaml" />
    <Page Include="UI\Views\Pages\MinecraftBedrockReleasesPage.xaml" />
    <Page Include="UI\Controls\TextBoxEx_ThemeResources.xaml" />
    <Page Include="UI\Controls\NumberBoxEx_ThemeResources.xaml" />
    <Page Include="UI\Views\Dialogs\MinecraftBedrockInstallDialog.xaml" />
    <Page Include="UI\Controls\ProgressBarEx_ThemeResources.xaml" />
    <Page Include="UI\Views\Dialogs\MinecraftBedrockManageDialog.xaml" />
    <Page Include="UI\Views\Dialogs\MinecraftBedrockImportDialog.xaml" />
    <Page Include="UI\Views\Dialogs\MinecraftBedrockRenameDialog.xaml" />
    <Page Include="UI\Styles\RightAlignedToggleSwitchStyle.xaml" />
  </ItemGroup>
  <ItemGroup>
    <Midl Include="Collections\IObservableCollectionView.idl" />
    <Midl Include="Collections\IObservableCollection.idl" />
    <Midl Include="Collections\IFilterableCollectionView.idl" />
    <Midl Include="UI\PrivateDefinitions.idl" />
    <Midl Include="UI\Navigation\NavigationContext.idl" />
    <Midl Include="UI\Navigation\NavigationEventArgsEx.idl" />
    <Midl Include="Models\ParameterPair.idl" />
    <Midl Include="UI\Navigation\OneTimeNavigationTransitionInfo.idl" />
    <Midl Include="UI\Navigation\NavigationDirection.idl" />
    <Midl Include="UI\ViewModels\GeneralSettingsViewModel.idl" />
    <Midl Include="Models\NotificationSeverity.idl" />
    <Midl Include="Models\ToastNotification.idl" />
    <Midl Include="UI\ViewModels\MainWindowViewModel.idl" />
    <Midl Include="UI\Mvvm\IRelayCommand.idl" />
    <Midl Include="Models\ByteProgress.idl" />
    <Midl Include="Models\MinecraftBedrockGamePackageItem.idl" />
    <Midl Include="Models\InstallLocationValidationResult.idl" />
    <Midl Include="Models\MinecraftBedrockServerDownloads.idl" />
    <Midl Include="UI\ViewModels\MinecraftBedrockGamePackagesViewModel.idl" />
    <Midl Include="UI\Views\IMinecraftBedrockGamePackageViewBase.idl" />
    <Midl Include="Helpers\ByteProgressFormatter.idl" />
    <Midl Include="Models\MinecraftBedrockGamePackageStatus.idl" />
    <Midl Include="UI\Converters\StringToVisibilityConverter.idl" />
    <Midl Include="UI\Converters\BoolToVisibilityConverter.idl" />
    <Midl Include="UI\Controls\FrameEx.idl" />
    <Midl Include="UI\Controls\NumberBoxEx.idl" />
    <Midl Include="UI\Controls\TextBoxEx.idl" />
    <Midl Include="UI\Controls\WindowEx.idl" />
    <Midl Include="UI\Controls\ContentDialogEx.idl" />
    <Midl Include="UI\Views\Dialogs\MinecraftBedrockGamePackagePicker.idl" />
    <Midl Include="UI\Views\Dialogs\MinecraftBedrockInstallLocationPicker.idl" />
    <Midl Include="UI\Converters\Convert.idl" />
    <Midl Include="UI\Controls\ProgressBarEx.idl" />
    <Midl Include="UI\Controls\ProgressBarExTemplateSettings.idl" />
    <Midl Include="Models\MinecraftBedrockGameInfo.idl" />
    <Midl Include="Models\MinecraftBedrockGamePackageImportContext.idl" />
    <Midl Include="Models\MinecraftBedrockGameLaunchArgs.idl" />
    <Midl Include="Models\MinecraftBedrockGameLaunchResult.idl" />
    <Midl Include="UI\ViewModels\AboutViewModel.idl" />
    <Midl Include="Models\MinecraftBedrockGamePackageRegisterResult.idl" />
    <Midl Include="Collections\IItemFilter.idl" />
    <Midl Include="UI\ViewModels\MinecraftBedrockViewModel.idl" />
    <Midl Include="UI\Converters\IntToBoolConverter.idl" />
    <Midl Include="Models\UpdateCheckStatus.idl" />
    <Midl Include="Models\UpdateInfo.idl" />
    <Midl Include="Models\UpdateAvailability.idl" />
    <Midl Include="Models\MinecraftBedrockGameConfigProvider.idl" />
    <Midl Include="Models\MinecraftBedrockGameConfigOptions.idl" />
  </ItemGroup>
  <ItemGroup>
    <ResourceCompile Include="Citrine.rc" />
  </ItemGroup>
  <ItemGroup>
    <Image Include="Assets\Icons\Citrine.ico" />
  </ItemGroup>
  <ItemGroup>
    <Natvis Include="$(MSBuildThisFileDirectory)..\..\natvis\wil.natvis" />
    <Natvis Include="$(MSBuildThisFileDirectory)..\..\natvis\wil.natstepfilter" />
  </ItemGroup>
</Project>