<?xml version="1.0" encoding="utf-8"?>
<Project ToolsVersion="4.0" xmlns="http://schemas.microsoft.com/developer/msbuild/2003">
  <ItemGroup>
    <Filter Include="Source Files">
      <UniqueIdentifier>{4FC737F1-C7A5-4376-A066-2A32D752A2FF}</UniqueIdentifier>
      <Extensions>cpp;c;cc;cxx;c++;cppm;ixx;def;odl;idl;hpj;bat;asm;asmx</Extensions>
    </Filter>
    <Filter Include="Header Files">
      <UniqueIdentifier>{93995380-89BD-4b04-88EB-625FBE52EBFB}</UniqueIdentifier>
      <Extensions>h;hh;hpp;hxx;h++;hm;inl;inc;ipp;xsd</Extensions>
    </Filter>
    <Filter Include="Resource Files">
      <UniqueIdentifier>{67DA6AB6-F800-4c08-8B7A-83BB121AAD01}</UniqueIdentifier>
      <Extensions>rc;ico;cur;bmp;dlg;rc2;rct;bin;rgs;gif;jpg;jpeg;jpe;resx;tiff;tif;png;wav;mfcribbon-ms</Extensions>
    </Filter>
  </ItemGroup>
  <ItemGroup>
    <ClInclude Include="pch.h">
      <Filter>Header Files</Filter>
    </ClInclude>
    <ClInclude Include="Core\Codec\Base16.h">
      <Filter>Header Files</Filter>
    </ClInclude>
    <ClInclude Include="Core\Codec\Base16Decoder.h">
      <Filter>Header Files</Filter>
    </ClInclude>
    <ClInclude Include="Core\Codec\Base16Encoder.h">
      <Filter>Header Files</Filter>
    </ClInclude>
    <ClInclude Include="Core\Codec\Base32.h">
      <Filter>Header Files</Filter>
    </ClInclude>
    <ClInclude Include="Core\Codec\Base32Crockford.h">
      <Filter>Header Files</Filter>
    </ClInclude>
    <ClInclude Include="Core\Codec\Base32Decoder.h">
      <Filter>Header Files</Filter>
    </ClInclude>
    <ClInclude Include="Core\Codec\Base32Encoder.h">
      <Filter>Header Files</Filter>
    </ClInclude>
    <ClInclude Include="Core\Codec\Base32Hex.h">
      <Filter>Header Files</Filter>
    </ClInclude>
    <ClInclude Include="Core\Codec\Base64.h">
      <Filter>Header Files</Filter>
    </ClInclude>
    <ClInclude Include="Core\Codec\Base64Decoder.h">
      <Filter>Header Files</Filter>
    </ClInclude>
    <ClInclude Include="Core\Codec\Base64Encoder.h">
      <Filter>Header Files</Filter>
    </ClInclude>
    <ClInclude Include="Core\Codec\Base64Url.h">
      <Filter>Header Files</Filter>
    </ClInclude>
    <ClInclude Include="Core\Codec\UrlCodec.h">
      <Filter>Header Files</Filter>
    </ClInclude>
    <ClInclude Include="Core\Compression\Zip\ZipCentralDirectoryFileHeader.h">
      <Filter>Header Files</Filter>
    </ClInclude>
    <ClInclude Include="Core\Compression\Zip\ZipCompressionMethod.h">
      <Filter>Header Files</Filter>
    </ClInclude>
    <ClInclude Include="Core\Compression\Zip\ZipDataDescriptor.h">
      <Filter>Header Files</Filter>
    </ClInclude>
    <ClInclude Include="Core\Compression\Zip\ZipEndOfCentralDirectory.h">
      <Filter>Header Files</Filter>
    </ClInclude>
    <ClInclude Include="Core\Compression\Zip\ZipExtraFieldHeader.h">
      <Filter>Header Files</Filter>
    </ClInclude>
    <ClInclude Include="Core\Compression\Zip\ZipFlags.h">
      <Filter>Header Files</Filter>
    </ClInclude>
    <ClInclude Include="Core\Compression\Zip\ZipLocalFileHeader.h">
      <Filter>Header Files</Filter>
    </ClInclude>
    <ClInclude Include="Core\Coroutine\Concepts.h">
      <Filter>Header Files</Filter>
    </ClInclude>
    <ClInclude Include="Core\Coroutine\FireAndForget.h">
      <Filter>Header Files</Filter>
    </ClInclude>
    <ClInclude Include="Core\Coroutine\LazyTask.h">
      <Filter>Header Files</Filter>
    </ClInclude>
    <ClInclude Include="Core\Coroutine\Promise.h">
      <Filter>Header Files</Filter>
    </ClInclude>
    <ClInclude Include="Core\Coroutine\SignalAwaiter.h">
      <Filter>Header Files</Filter>
    </ClInclude>
    <ClInclude Include="Core\Coroutine\Task.h">
      <Filter>Header Files</Filter>
    </ClInclude>
    <ClInclude Include="Core\Coroutine\TaskPromise.h">
      <Filter>Header Files</Filter>
    </ClInclude>
    <ClInclude Include="Core\Coroutine\Traits.h">
      <Filter>Header Files</Filter>
    </ClInclude>
    <ClInclude Include="Core\IO\Buffer.h">
      <Filter>Header Files</Filter>
    </ClInclude>
    <ClInclude Include="Core\IO\File.h">
      <Filter>Header Files</Filter>
    </ClInclude>
    <ClInclude Include="Core\IO\WinRTBuffer.h">
      <Filter>Header Files</Filter>
    </ClInclude>
    <ClInclude Include="Core\IO\WinRTFileStream.h">
      <Filter>Header Files</Filter>
    </ClInclude>
    <ClInclude Include="Core\IO\WinRTMemoryStream.h">
      <Filter>Header Files</Filter>
    </ClInclude>
    <ClInclude Include="Core\Logging\Common.h">
      <Filter>Header Files</Filter>
    </ClInclude>
    <ClInclude Include="Core\Logging\LogFormatter.h">
      <Filter>Header Files</Filter>
    </ClInclude>
    <ClInclude Include="Core\Logging\Logger.h">
      <Filter>Header Files</Filter>
    </ClInclude>
    <ClInclude Include="Core\Logging\LogMessage.h">
      <Filter>Header Files</Filter>
    </ClInclude>
    <ClInclude Include="Core\Logging\LogMessageQueue.h">
      <Filter>Header Files</Filter>
    </ClInclude>
    <ClInclude Include="Core\Net\Http\Common.h">
      <Filter>Header Files</Filter>
    </ClInclude>
    <ClInclude Include="Core\Net\Http\HttpContent.h">
      <Filter>Header Files</Filter>
    </ClInclude>
    <ClInclude Include="Core\Net\Http\HttpHeader.h">
      <Filter>Header Files</Filter>
    </ClInclude>
    <ClInclude Include="Core\Net\Http\HttpMethod.h">
      <Filter>Header Files</Filter>
    </ClInclude>
    <ClInclude Include="Core\Net\Http\HttpResponse.h">
      <Filter>Header Files</Filter>
    </ClInclude>
    <ClInclude Include="Core\Net\Http\HttpStatusCode.h">
      <Filter>Header Files</Filter>
    </ClInclude>
    <ClInclude Include="Core\Net\NetworkInfo.h">
      <Filter>Header Files</Filter>
    </ClInclude>
    <ClInclude Include="Core\Net\Url.h">
      <Filter>Header Files</Filter>
    </ClInclude>
    <ClInclude Include="Core\Net\UrlQuery.h">
      <Filter>Header Files</Filter>
    </ClInclude>
    <ClInclude Include="Core\Security\DataProtection.h">
      <Filter>Header Files</Filter>
    </ClInclude>
    <ClInclude Include="Core\Storage\Common.h">
      <Filter>Header Files</Filter>
    </ClInclude>
    <ClInclude Include="Core\Storage\JsonStorage.h">
      <Filter>Header Files</Filter>
    </ClInclude>
    <ClInclude Include="Core\Storage\ProtectedJsonStorage.h">
      <Filter>Header Files</Filter>
    </ClInclude>
    <ClInclude Include="Core\Unicode\Unicode.h">
      <Filter>Header Files</Filter>
    </ClInclude>
    <ClInclude Include="Core\Unicode\Utf.h">
      <Filter>Header Files</Filter>
    </ClInclude>
    <ClInclude Include="Core\Util\Append.h">
      <Filter>Header Files</Filter>
    </ClInclude>
    <ClInclude Include="Core\Util\Ascii.h">
      <Filter>Header Files</Filter>
    </ClInclude>
    <ClInclude Include="Core\Util\Checksum.h">
      <Filter>Header Files</Filter>
    </ClInclude>
    <ClInclude Include="Core\Util\Concepts.h">
      <Filter>Header Files</Filter>
    </ClInclude>
    <ClInclude Include="Core\Util\DateTime.h">
      <Filter>Header Files</Filter>
    </ClInclude>
    <ClInclude Include="Core\Util\Event.h">
      <Filter>Header Files</Filter>
    </ClInclude>
    <ClInclude Include="Core\Util\FormatByteCount.h">
      <Filter>Header Files</Filter>
    </ClInclude>
    <ClInclude Include="Core\Util\FormatInteger.h">
      <Filter>Header Files</Filter>
    </ClInclude>
    <ClInclude Include="Core\Util\Frozen.h">
      <Filter>Header Files</Filter>
    </ClInclude>
    <ClInclude Include="Core\Util\Guid.h">
      <Filter>Header Files</Filter>
    </ClInclude>
    <ClInclude Include="Core\Util\Hash.h">
      <Filter>Header Files</Filter>
    </ClInclude>
    <ClInclude Include="Core\Util\JsonWrappers.h">
      <Filter>Header Files</Filter>
    </ClInclude>
    <ClInclude Include="Core\Util\Math.h">
      <Filter>Header Files</Filter>
    </ClInclude>
    <ClInclude Include="Core\Util\Param.h">
      <Filter>Header Files</Filter>
    </ClInclude>
    <ClInclude Include="Core\Util\ParseInteger.h">
      <Filter>Header Files</Filter>
    </ClInclude>
    <ClInclude Include="Core\Util\Scope.h">
      <Filter>Header Files</Filter>
    </ClInclude>
    <ClInclude Include="Core\Util\SemanticVersion.h">
      <Filter>Header Files</Filter>
    </ClInclude>
    <ClInclude Include="Core\Util\StringLiteral.h">
      <Filter>Header Files</Filter>
    </ClInclude>
    <ClInclude Include="Core\Util\TrivialArray.h">
      <Filter>Header Files</Filter>
    </ClInclude>
    <ClInclude Include="Core\Util\TypeTraits.h">
      <Filter>Header Files</Filter>
    </ClInclude>
    <ClInclude Include="Core\Util\VariableSizedType.h">
      <Filter>Header Files</Filter>
    </ClInclude>
    <ClInclude Include="Core\Util\VersionNumber.h">
      <Filter>Header Files</Filter>
    </ClInclude>
    <ClInclude Include="Minecraft\Bedrock\GameBuildType.h">
      <Filter>Header Files</Filter>
    </ClInclude>
    <ClInclude Include="Minecraft\Bedrock\GameCapabilities.h">
      <Filter>Header Files</Filter>
    </ClInclude>
    <ClInclude Include="Minecraft\Bedrock\GamePackage.h">
      <Filter>Header Files</Filter>
    </ClInclude>
    <ClInclude Include="Minecraft\Bedrock\GamePackageMeta.h">
      <Filter>Header Files</Filter>
    </ClInclude>
    <ClInclude Include="Minecraft\Bedrock\GamePackageOperation.h">
      <Filter>Header Files</Filter>
    </ClInclude>
    <ClInclude Include="Minecraft\Bedrock\GamePlatform.h">
      <Filter>Header Files</Filter>
    </ClInclude>
    <ClInclude Include="Minecraft\Bedrock\GameVersion.h">
      <Filter>Header Files</Filter>
    </ClInclude>
    <ClInclude Include="Minecraft\Bedrock\PackageAction.h">
      <Filter>Header Files</Filter>
    </ClInclude>
    <ClInclude Include="Minecraft\Bedrock\PackageCollection.h">
      <Filter>Header Files</Filter>
    </ClInclude>
    <ClInclude Include="Minecraft\Bedrock\PackageOperation.h">
      <Filter>Header Files</Filter>
    </ClInclude>
    <ClInclude Include="Minecraft\Bedrock\PackageOperationCollection.h">
      <Filter>Header Files</Filter>
    </ClInclude>
    <ClInclude Include="Minecraft\Bedrock\ServerBuildType.h">
      <Filter>Header Files</Filter>
    </ClInclude>
    <ClInclude Include="Minecraft\Bedrock\ServerPackageMeta.h">
      <Filter>Header Files</Filter>
    </ClInclude>
    <ClInclude Include="Minecraft\Bedrock\ServerPlatform.h">
      <Filter>Header Files</Filter>
    </ClInclude>
    <ClInclude Include="Windows\Msix\Common.h">
      <Filter>Header Files</Filter>
    </ClInclude>
    <ClInclude Include="Windows\Msix\MsixAction.h">
      <Filter>Header Files</Filter>
    </ClInclude>
    <ClInclude Include="Windows\Msix\MsixApplication.h">
      <Filter>Header Files</Filter>
    </ClInclude>
    <ClInclude Include="Windows\Msix\MsixCustomInstallExtension.h">
      <Filter>Header Files</Filter>
    </ClInclude>
    <ClInclude Include="Windows\Msix\MsixDependency.h">
      <Filter>Header Files</Filter>
    </ClInclude>
    <ClInclude Include="Windows\Msix\MsixFileTypeAssociation.h">
      <Filter>Header Files</Filter>
    </ClInclude>
    <ClInclude Include="Windows\Msix\MsixManifest.h">
      <Filter>Header Files</Filter>
    </ClInclude>
    <ClInclude Include="Windows\Msix\MsixTargetDeviceFamily.h">
      <Filter>Header Files</Filter>
    </ClInclude>
    <ClInclude Include="Windows\Msix\StreamedMsixFile.h">
      <Filter>Header Files</Filter>
    </ClInclude>
    <ClInclude Include="Windows\AppLauncher.h">
      <Filter>Header Files</Filter>
    </ClInclude>
    <ClInclude Include="Windows\AppModel.h">
      <Filter>Header Files</Filter>
    </ClInclude>
    <ClInclude Include="Windows\BuildInfo.h">
      <Filter>Header Files</Filter>
    </ClInclude>
    <ClInclude Include="Windows\DeviceFamily.h">
      <Filter>Header Files</Filter>
    </ClInclude>
    <ClInclude Include="Windows\FE3Handler.h">
      <Filter>Header Files</Filter>
    </ClInclude>
    <ClInclude Include="Windows\Shell.h">
      <Filter>Header Files</Filter>
    </ClInclude>
    <ClInclude Include="Windows\User.h">
      <Filter>Header Files</Filter>
    </ClInclude>
    <ClInclude Include="Xbox\Keys\CikEntry.h">
      <Filter>Header Files</Filter>
    </ClInclude>
    <ClInclude Include="Xbox\Keys\KeyRegistry.h">
      <Filter>Header Files</Filter>
    </ClInclude>
    <ClInclude Include="Xbox\Xvc\Common.h">
      <Filter>Header Files</Filter>
    </ClInclude>
    <ClInclude Include="Xbox\Xvc\StreamedXvcFile.h">
      <Filter>Header Files</Filter>
    </ClInclude>
    <ClInclude Include="Xbox\Xvc\XvcHeader.h">
      <Filter>Header Files</Filter>
    </ClInclude>
    <ClInclude Include="Xbox\Xvc\XvcRegionHeader.h">
      <Filter>Header Files</Filter>
    </ClInclude>
    <ClInclude Include="Xbox\Xvc\XvcRegionId.h">
      <Filter>Header Files</Filter>
    </ClInclude>
    <ClInclude Include="Xbox\Xvc\XvcRegionSpecifier.h">
      <Filter>Header Files</Filter>
    </ClInclude>
    <ClInclude Include="Xbox\Xvc\XvcSegment.h">
      <Filter>Header Files</Filter>
    </ClInclude>
    <ClInclude Include="Xbox\Xvc\XvcXtsEntry.h">
      <Filter>Header Files</Filter>
    </ClInclude>
    <ClInclude Include="Xbox\Xvc\XvdHeader.h">
      <Filter>Header Files</Filter>
    </ClInclude>
    <ClInclude Include="Xbox\Xvc\XvdSegmentMetadata.h">
      <Filter>Header Files</Filter>
    </ClInclude>
    <ClInclude Include="Xbox\Xvc\XvdUserDataHeader.h">
      <Filter>Header Files</Filter>
    </ClInclude>
    <ClInclude Include="Xbox\Xvc\XvdUserDataPackageFile.h">
      <Filter>Header Files</Filter>
    </ClInclude>
    <ClInclude Include="Xbox\Xvc\XvdUserDataPackageFilesHeader.h">
      <Filter>Header Files</Filter>
    </ClInclude>
    <ClInclude Include="Xbox\PackageModel.h">
      <Filter>Header Files</Filter>
    </ClInclude>
    <ClInclude Include="ReleaseInfo.h">
      <Filter>Header Files</Filter>
    </ClInclude>
    <ClInclude Include="Core\Net\Http\Http.h">
      <Filter>Header Files</Filter>
    </ClInclude>
    <ClInclude Include="Core\IO\IRangeStreamProvider.h">
      <Filter>Header Files</Filter>
    </ClInclude>
    <ClInclude Include="Minecraft\Bedrock\GameConfig.h">
      <Filter>Header Files</Filter>
    </ClInclude>
  </ItemGroup>
  <ItemGroup>
    <ClCompile Include="pch.cpp">
      <Filter>Source Files</Filter>
    </ClCompile>
    <ClCompile Include="Core\Codec\UrlCodec.cpp">
      <Filter>Source Files</Filter>
    </ClCompile>
    <ClCompile Include="Core\Coroutine\SignalAwaiter.cpp">
      <Filter>Source Files</Filter>
    </ClCompile>
    <ClCompile Include="Core\Coroutine\TaskPromise.cpp">
      <Filter>Source Files</Filter>
    </ClCompile>
    <ClCompile Include="Core\IO\Buffer.cpp">
      <Filter>Source Files</Filter>
    </ClCompile>
    <ClCompile Include="Core\IO\File.cpp">
      <Filter>Source Files</Filter>
    </ClCompile>
    <ClCompile Include="Core\IO\WinRTFileStream.cpp">
      <Filter>Source Files</Filter>
    </ClCompile>
    <ClCompile Include="Core\Logging\LogFormatter.cpp">
      <Filter>Source Files</Filter>
    </ClCompile>
    <ClCompile Include="Core\Logging\Logger.cpp">
      <Filter>Source Files</Filter>
    </ClCompile>
    <ClCompile Include="Core\Logging\LogMessage.cpp">
      <Filter>Source Files</Filter>
    </ClCompile>
    <ClCompile Include="Core\Logging\LogMessageQueue.cpp">
      <Filter>Source Files</Filter>
    </ClCompile>
    <ClCompile Include="Core\Net\Http\HttpContent.cpp">
      <Filter>Source Files</Filter>
    </ClCompile>
    <ClCompile Include="Core\Net\Http\HttpHeader.cpp">
      <Filter>Source Files</Filter>
    </ClCompile>
    <ClCompile Include="Core\Net\Http\HttpMethod.cpp">
      <Filter>Source Files</Filter>
    </ClCompile>
    <ClCompile Include="Core\Net\Http\HttpResponse.cpp">
      <Filter>Source Files</Filter>
    </ClCompile>
    <ClCompile Include="Core\Net\Url.cpp">
      <Filter>Source Files</Filter>
    </ClCompile>
    <ClCompile Include="Core\Net\UrlQuery.cpp">
      <Filter>Source Files</Filter>
    </ClCompile>
    <ClCompile Include="Core\Security\DataProtection.cpp">
      <Filter>Source Files</Filter>
    </ClCompile>
    <ClCompile Include="Core\Storage\JsonStorage.cpp">
      <Filter>Source Files</Filter>
    </ClCompile>
    <ClCompile Include="Core\Storage\ProtectedJsonStorage.cpp">
      <Filter>Source Files</Filter>
    </ClCompile>
    <ClCompile Include="Core\Unicode\Unicode.cpp">
      <Filter>Source Files</Filter>
    </ClCompile>
    <ClCompile Include="Core\Unicode\Utf.cpp">
      <Filter>Source Files</Filter>
    </ClCompile>
    <ClCompile Include="Core\Util\Guid.cpp">
      <Filter>Source Files</Filter>
    </ClCompile>
    <ClCompile Include="Minecraft\Bedrock\GameCapabilities.cpp">
      <Filter>Source Files</Filter>
    </ClCompile>
    <ClCompile Include="Minecraft\Bedrock\GamePackageMeta.cpp">
      <Filter>Source Files</Filter>
    </ClCompile>
    <ClCompile Include="Minecraft\Bedrock\GameVersion.cpp">
      <Filter>Source Files</Filter>
    </ClCompile>
    <ClCompile Include="Windows\Msix\MsixManifest.cpp">
      <Filter>Source Files</Filter>
    </ClCompile>
    <ClCompile Include="Windows\Msix\StreamedMsixFile.cpp">
      <Filter>Source Files</Filter>
    </ClCompile>
    <ClCompile Include="Windows\AppLauncher.cpp">
      <Filter>Source Files</Filter>
    </ClCompile>
    <ClCompile Include="Windows\AppModel.cpp">
      <Filter>Source Files</Filter>
    </ClCompile>
    <ClCompile Include="Windows\BuildInfo.cpp">
      <Filter>Source Files</Filter>
    </ClCompile>
    <ClCompile Include="Windows\DeviceFamily.cpp">
      <Filter>Source Files</Filter>
    </ClCompile>
    <ClCompile Include="Windows\FE3Handler.cpp">
      <Filter>Source Files</Filter>
    </ClCompile>
    <ClCompile Include="Windows\Shell.cpp">
      <Filter>Source Files</Filter>
    </ClCompile>
    <ClCompile Include="Windows\User.cpp">
      <Filter>Source Files</Filter>
    </ClCompile>
    <ClCompile Include="Xbox\Keys\KeyRegistry.cpp">
      <Filter>Source Files</Filter>
    </ClCompile>
    <ClCompile Include="Xbox\Xvc\StreamedXvcFile.cpp">
      <Filter>Source Files</Filter>
    </ClCompile>
    <ClCompile Include="Xbox\PackageModel.cpp">
      <Filter>Source Files</Filter>
    </ClCompile>
    <ClCompile Include="Core\Net\Http\Http.cpp">
      <Filter>Source Files</Filter>
    </ClCompile>
    <ClCompile Include="Minecraft\Bedrock\GameConfig.cpp">
      <Filter>Source Files</Filter>
    </ClCompile>
  </ItemGroup>
  <ItemGroup>
    <None Include="packages.config" />
    <None Include="PreBuild.fsx" />
  </ItemGroup>
  <ItemGroup>
    <Natvis Include="$(MSBuildThisFileDirectory)..\..\natvis\wil.natvis" />
    <Natvis Include="$(MSBuildThisFileDirectory)..\..\natvis\wil.natstepfilter" />
  </ItemGroup>
</Project>